
Microsoft Visual Studio Solution File, Format Version 12.00
# Visual Studio Version 16
VisualStudioVersion = 16.0.30128.74
MinimumVisualStudioVersion = 10.0.40219.1
Project("{888888A0-9F3D-457C-B088-3A5042F75D52}") = "Students", "Students.pyproj", "{3E2FB22D-6EC4-47B5-85C9-4D94C90A5B6C}"
EndProject
Global
	GlobalSection(SolutionConfigurationPlatforms) = preSolution
		Debug|Any CPU = Debug|Any CPU
		Release|Any CPU = Release|Any CPU
	EndGlobalSection
	GlobalSection(ProjectConfigurationPlatforms) = postSolution
		{3E2FB22D-6EC4-47B5-85C9-4D94C90A5B6C}.Debug|Any CPU.ActiveCfg = Debug|Any CPU
		{3E2FB22D-6EC4-47B5-85C9-4D94C90A5B6C}.Release|Any CPU.ActiveCfg = Release|Any CPU
	EndGlobalSection
	GlobalSection(SolutionProperties) = preSolution
		HideSolutionNode = FALSE
	EndGlobalSection
	GlobalSection(ExtensibilityGlobals) = postSolution
		SolutionGuid = {2DB76B35-593E-485F-B00F-E157CF50A69A}
	EndGlobalSection
EndGlobal
